{
  "name": "@magic/log",
  "version": "0.0.1",
  "lockfileVersion": 1,
  "requires": true,
  "dependencies": {
    "@magic/lint": {
      "version": "github:magic/lint#6c4e91845172889c9866d46fb9712fdc862433f6",
      "dev": true,
      "requires": {
        "prettier": "1.11.1"
      }
    },
    "@magic/test": {
      "version": "github:magic/test#9b9dfa2bfa948ec3347dd117a21b9410e02c8f32",
      "dev": true
    },
    "@magic/types": {
      "version": "github:magic/types#3b4b58e185e9a721e14101f408547ac013437541"
    },
    "prettier": {
      "version": "1.11.1",
      "resolved": "https://registry.npmjs.org/prettier/-/prettier-1.11.1.tgz",
      "integrity": "sha512-T/KD65Ot0PB97xTrG8afQ46x3oiVhnfGjGESSI9NWYcG92+OUPZKkwHqGWXH2t9jK1crnQjubECW0FuOth+hxw==",
      "dev": true
    }
  }
}
