# THIS IS AN AUTOGENERATED FILE. DO NOT EDIT THIS FILE DIRECTLY.
# yarn lockfile v1


"@magic/lint@github:magic/lint":
  version "0.0.1"
  resolved "https://codeload.github.com/magic/lint/tar.gz/6c4e91845172889c9866d46fb9712fdc862433f6"
  dependencies:
    prettier "1.11.1"

"@magic/test@github:magic/test":
  version "0.0.1"
  resolved "https://codeload.github.com/magic/test/tar.gz/9b9dfa2bfa948ec3347dd117a21b9410e02c8f32"

"@magic/types@github:magic/types":
  version "0.0.1"
  resolved "https://codeload.github.com/magic/types/tar.gz/3b4b58e185e9a721e14101f408547ac013437541"

prettier@1.11.1:
  version "1.11.1"
  resolved "https://registry.yarnpkg.com/prettier/-/prettier-1.11.1.tgz#61e43fc4cd44e68f2b0dfc2c38cd4bb0fccdcc75"
